
Microsoft Visual Studio Solution File, Format Version 12.00
# Visual Studio Version 16
VisualStudioVersion = 16.0.32228.343
MinimumVisualStudioVersion = 10.0.40219.1
Project("{FAE04EC0-301F-11D3-BF4B-00C04F79EFBC}") = "smartrg.Android", "smartrg\smartrg.Android\smartrg.Android.csproj", "{0FE58B84-9B48-45ED-8C4D-062941900DE3}"
EndProject
Project("{FAE04EC0-301F-11D3-BF4B-00C04F79EFBC}") = "smartrg", "smartrg\smartrg\smartrg.csproj", "{3DF00E71-7002-441D-B7FE-232B2AD82917}"
EndProject
Global
	GlobalSection(SolutionConfigurationPlatforms) = preSolution
		Debug|Any CPU = Debug|Any CPU
		Release|Any CPU = Release|Any CPU
	EndGlobalSection
	GlobalSection(ProjectConfigurationPlatforms) = postSolution
		{0FE58B84-9B48-45ED-8C4D-062941900DE3}.Debug|Any CPU.ActiveCfg = Debug|Any CPU
		{0FE58B84-9B48-45ED-8C4D-062941900DE3}.Debug|Any CPU.Build.0 = Debug|Any CPU
		{0FE58B84-9B48-45ED-8C4D-062941900DE3}.Debug|Any CPU.Deploy.0 = Debug|Any CPU
		{0FE58B84-9B48-45ED-8C4D-062941900DE3}.Release|Any CPU.ActiveCfg = Release|Any CPU
		{0FE58B84-9B48-45ED-8C4D-062941900DE3}.Release|Any CPU.Build.0 = Release|Any CPU
		{0FE58B84-9B48-45ED-8C4D-062941900DE3}.Release|Any CPU.Deploy.0 = Release|Any CPU
		{3DF00E71-7002-441D-B7FE-232B2AD82917}.Debug|Any CPU.ActiveCfg = Debug|Any CPU
		{3DF00E71-7002-441D-B7FE-232B2AD82917}.Debug|Any CPU.Build.0 = Debug|Any CPU
		{3DF00E71-7002-441D-B7FE-232B2AD82917}.Debug|Any CPU.Deploy.0 = Debug|Any CPU
		{3DF00E71-7002-441D-B7FE-232B2AD82917}.Release|Any CPU.ActiveCfg = Release|Any CPU
		{3DF00E71-7002-441D-B7FE-232B2AD82917}.Release|Any CPU.Build.0 = Release|Any CPU
		{3DF00E71-7002-441D-B7FE-232B2AD82917}.Release|Any CPU.Deploy.0 = Release|Any CPU
	EndGlobalSection
	GlobalSection(SolutionProperties) = preSolution
		HideSolutionNode = FALSE
	EndGlobalSection
	GlobalSection(ExtensibilityGlobals) = postSolution
		SolutionGuid = {CB516D78-9E70-49ED-8CF8-580848BB44DF}
	EndGlobalSection
EndGlobal
